// !$*UTF8*$!
{
	archiveVersion = 1;
	classes = {
	};
	objectVersion = 42;
	objects = {

/* Begin PBXBuildFile section */
		08FB77A2FE84155DC02AAC07 /* setsuffix.c in Sources */ = {isa = PBXBuildFile; fileRef = 08FB7796FE84155DC02AAC07 /* setsuffix.c */; settings = {ATTRIBUTES = (); }; };
		B86A87A2045346BB00AAAE97 /* Carbon.framework in Frameworks */ = {isa = PBXBuildFile; fileRef = B86A87A1045346BB00AAAE97 /* Carbon.framework */; };
		C6A0FF2E029079C004C91782 /* setsuffix.1 in CopyFiles */ = {isa = PBXBuildFile; fileRef = C6A0FF2C0290799A04C91782 /* setsuffix.1 */; };
/* End PBXBuildFile section */

/* Begin PBXBuildStyle section */
		014CEA520018CE5811CA2923 /* Development */ = {
			isa = PBXBuildStyle;
			buildSettings = {
				COPY_PHASE_STRIP = NO;
				GCC_DYNAMIC_NO_PIC = NO;
				GCC_ENABLE_FIX_AND_CONTINUE = YES;
				GCC_GENERATE_DEBUGGING_SYMBOLS = YES;
				GCC_OPTIMIZATION_LEVEL = 0;
				OPTIMIZATION_CFLAGS = "-O0";
				ZERO_LINK = YES;
			};
			name = Development;
		};
		014CEA530018CE5811CA2923 /* Deployment */ = {
			isa = PBXBuildStyle;
			buildSettings = {
				COPY_PHASE_STRIP = YES;
				GCC_ENABLE_FIX_AND_CONTINUE = NO;
				ZERO_LINK = NO;
			};
			name = Deployment;
		};
/* End PBXBuildStyle section */

/* Begin PBXCopyFilesBuildPhase section */
		C6A0FF2D029079AD04C91782 /* CopyFiles */ = {
			isa = PBXCopyFilesBuildPhase;
			buildActionMask = 8;
			dstPath = /usr/share/man/man1/;
			dstSubfolderSpec = 0;
			files = (
				C6A0FF2E029079C004C91782 /* setsuffix.1 in CopyFiles */,
			);
			runOnlyForDeploymentPostprocessing = 1;
		};
/* End PBXCopyFilesBuildPhase section */

/* Begin PBXFileReference section */
		034768E8FF38A79811DB9C8B /* setsuffix */ = {isa = PBXFileReference; explicitFileType = "compiled.mach-o.executable"; path = setsuffix; sourceTree = BUILT_PRODUCTS_DIR; };
		08FB7796FE84155DC02AAC07 /* setsuffix.c */ = {isa = PBXFileReference; fileEncoding = 4; lastKnownFileType = sourcecode.c.c; path = setsuffix.c; sourceTree = "<group>"; };
		B86A87A1045346BB00AAAE97 /* Carbon.framework */ = {isa = PBXFileReference; lastKnownFileType = wrapper.framework; name = Carbon.framework; path = /System/Library/Frameworks/Carbon.framework; sourceTree = "<absolute>"; };
		C6A0FF2C0290799A04C91782 /* setsuffix.1 */ = {isa = PBXFileReference; lastKnownFileType = text.man; path = setsuffix.1; sourceTree = "<group>"; };
/* End PBXFileReference section */

/* Begin PBXFrameworksBuildPhase section */
		08FB77A3FE84155DC02AAC07 /* Frameworks */ = {
			isa = PBXFrameworksBuildPhase;
			buildActionMask = 2147483647;
			files = (
				B86A87A2045346BB00AAAE97 /* Carbon.framework in Frameworks */,
			);
			runOnlyForDeploymentPostprocessing = 0;
		};
/* End PBXFrameworksBuildPhase section */

/* Begin PBXGroup section */
		08FB7794FE84155DC02AAC07 /* setsuffix */ = {
			isa = PBXGroup;
			children = (
				08FB7795FE84155DC02AAC07 /* Source */,
				C6A0FF2B0290797F04C91782 /* Documentation */,
				1AB674ADFE9D54B511CA2CBB /* Products */,
				B86A87A0045346AB00AAAE97 /* Libraries */,
			);
			name = setsuffix;
			sourceTree = "<group>";
		};
		08FB7795FE84155DC02AAC07 /* Source */ = {
			isa = PBXGroup;
			children = (
				08FB7796FE84155DC02AAC07 /* setsuffix.c */,
			);
			name = Source;
			sourceTree = "<group>";
		};
		1AB674ADFE9D54B511CA2CBB /* Products */ = {
			isa = PBXGroup;
			children = (
				034768E8FF38A79811DB9C8B /* setsuffix */,
			);
			name = Products;
			sourceTree = "<group>";
		};
		B86A87A0045346AB00AAAE97 /* Libraries */ = {
			isa = PBXGroup;
			children = (
				B86A87A1045346BB00AAAE97 /* Carbon.framework */,
			);
			name = Libraries;
			sourceTree = "<group>";
		};
		C6A0FF2B0290797F04C91782 /* Documentation */ = {
			isa = PBXGroup;
			children = (
				C6A0FF2C0290799A04C91782 /* setsuffix.1 */,
			);
			name = Documentation;
			sourceTree = "<group>";
		};
/* End PBXGroup section */

/* Begin PBXHeadersBuildPhase section */
		08FB77A0FE84155DC02AAC07 /* Headers */ = {
			isa = PBXHeadersBuildPhase;
			buildActionMask = 2147483647;
			files = (
			);
			runOnlyForDeploymentPostprocessing = 0;
		};
/* End PBXHeadersBuildPhase section */

/* Begin PBXProject section */
		08FB7793FE84155DC02AAC07 /* Project object */ = {
			isa = PBXProject;
			buildConfigurationList = F49F44FF0936A00700ECF376 /* Build configuration list for PBXProject "setsuffix" */;
			buildSettings = {
			};
			buildStyles = (
				014CEA520018CE5811CA2923 /* Development */,
				014CEA530018CE5811CA2923 /* Deployment */,
			);
			hasScannedForEncodings = 1;
			mainGroup = 08FB7794FE84155DC02AAC07 /* setsuffix */;
			projectDirPath = "";
			targets = (
				08FB779FFE84155DC02AAC07 /* setsuffix */,
			);
		};
/* End PBXProject section */

/* Begin PBXRezBuildPhase section */
		08FB77A5FE84155DC02AAC07 /* Rez */ = {
			isa = PBXRezBuildPhase;
			buildActionMask = 2147483647;
			files = (
			);
			runOnlyForDeploymentPostprocessing = 0;
		};
/* End PBXRezBuildPhase section */

/* Begin PBXSourcesBuildPhase section */
		08FB77A1FE84155DC02AAC07 /* Sources */ = {
			isa = PBXSourcesBuildPhase;
			buildActionMask = 2147483647;
			files = (
				08FB77A2FE84155DC02AAC07 /* setsuffix.c in Sources */,
			);
			runOnlyForDeploymentPostprocessing = 0;
		};
/* End PBXSourcesBuildPhase section */

/* Begin PBXToolTarget section */
		08FB779FFE84155DC02AAC07 /* setsuffix */ = {
			isa = PBXToolTarget;
			buildConfigurationList = F49F44FB0936A00700ECF376 /* Build configuration list for PBXToolTarget "setsuffix" */;
			buildPhases = (
				08FB77A0FE84155DC02AAC07 /* Headers */,
				08FB77A1FE84155DC02AAC07 /* Sources */,
				08FB77A3FE84155DC02AAC07 /* Frameworks */,
				08FB77A5FE84155DC02AAC07 /* Rez */,
				C6A0FF2D029079AD04C91782 /* CopyFiles */,
			);
			buildSettings = {
				DEBUGGING_SYMBOLS = NO;
				FRAMEWORK_SEARCH_PATHS = "";
				HEADER_SEARCH_PATHS = "";
				INSTALL_PATH = "$(HOME)/bin";
				LIBRARY_SEARCH_PATHS = "";
				OPTIMIZATION_CFLAGS = "-O3";
				OTHER_CFLAGS = "";
				OTHER_LDFLAGS = "";
				OTHER_REZFLAGS = "";
				PRODUCT_NAME = setsuffix;
				REZ_EXECUTABLE = YES;
				SECTORDER_FLAGS = "";
				WARNING_CFLAGS = (
					"-Wmost",
					"-Wno-four-char-constants",
					"-Wno-unknown-pragmas",
				);
			};
			dependencies = (
			);
			name = setsuffix;
			productInstallPath = "$(HOME)/bin";
			productName = setsuffix;
			productReference = 034768E8FF38A79811DB9C8B /* setsuffix */;
		};
/* End PBXToolTarget section */

/* Begin XCBuildConfiguration section */
		F49F44FD0936A00700ECF376 /* Deployment */ = {
			isa = XCBuildConfiguration;
			buildSettings = {
				COPY_PHASE_STRIP = YES;
				DEBUGGING_SYMBOLS = NO;
				FRAMEWORK_SEARCH_PATHS = "";
				GCC_ENABLE_FIX_AND_CONTINUE = NO;
				HEADER_SEARCH_PATHS = "";
				INSTALL_PATH = "$(HOME)/bin";
				LIBRARY_SEARCH_PATHS = "";
				OPTIMIZATION_CFLAGS = "-O3";
				OTHER_CFLAGS = "";
				OTHER_LDFLAGS = "";
				OTHER_REZFLAGS = "";
				PRODUCT_NAME = setsuffix;
				REZ_EXECUTABLE = YES;
				SECTORDER_FLAGS = "";
				WARNING_CFLAGS = (
					"-Wmost",
					"-Wno-four-char-constants",
					"-Wno-unknown-pragmas",
				);
				ZERO_LINK = NO;
			};
			name = Deployment;
		};
		F49F45010936A00700ECF376 /* Deployment */ = {
			isa = XCBuildConfiguration;
			buildSettings = {
			};
			name = Deployment;
		};
/* End XCBuildConfiguration section */

/* Begin XCConfigurationList section */
		F49F44FB0936A00700ECF376 /* Build configuration list for PBXToolTarget "setsuffix" */ = {
			isa = XCConfigurationList;
			buildConfigurations = (
				F49F44FD0936A00700ECF376 /* Deployment */,
			);
			defaultConfigurationIsVisible = 0;
			defaultConfigurationName = Deployment;
		};
		F49F44FF0936A00700ECF376 /* Build configuration list for PBXProject "setsuffix" */ = {
			isa = XCConfigurationList;
			buildConfigurations = (
				F49F45010936A00700ECF376 /* Deployment */,
			);
			defaultConfigurationIsVisible = 0;
			defaultConfigurationName = Deployment;
		};
/* End XCConfigurationList section */
	};
	rootObject = 08FB7793FE84155DC02AAC07 /* Project object */;
}
