// !$*UTF8*$!
{
	archiveVersion = 1;
	classes = {
	};
	objectVersion = 42;
	objects = {

/* Begin PBXBuildFile section */
		8DD76FAC0486AB0100D96B5E /* main.c in Sources */ = {isa = PBXBuildFile; fileRef = 08FB7796FE84155DC02AAC07 /* main.c */; settings = {ATTRIBUTES = (); }; };
		8DD76FB00486AB0100D96B5E /* hfsdata.1 in CopyFiles */ = {isa = PBXBuildFile; fileRef = C6A0FF2C0290799A04C91782 /* hfsdata.1 */; };
		F412DC0207749FE20057E99C /* Carbon.framework in Frameworks */ = {isa = PBXBuildFile; fileRef = F412DC0007749FE20057E99C /* Carbon.framework */; };
		F412DC0307749FE20057E99C /* Cocoa.framework in Frameworks */ = {isa = PBXBuildFile; fileRef = F412DC0107749FE20057E99C /* Cocoa.framework */; };
		F4D31FF307771ECF00DC3B7E /* Foundation.framework in Frameworks */ = {isa = PBXBuildFile; fileRef = F4D31FF207771ECF00DC3B7E /* Foundation.framework */; };
		F4D3208F0777220000DC3B7E /* AppKit.framework in Frameworks */ = {isa = PBXBuildFile; fileRef = F4D3208E0777220000DC3B7E /* AppKit.framework */; };
/* End PBXBuildFile section */

/* Begin PBXBuildStyle section */
		014CEA520018CE5811CA2923 /* Development */ = {
			isa = PBXBuildStyle;
			buildSettings = {
				COPY_PHASE_STRIP = NO;
				GCC_DYNAMIC_NO_PIC = NO;
				GCC_ENABLE_FIX_AND_CONTINUE = YES;
				GCC_GENERATE_DEBUGGING_SYMBOLS = YES;
				GCC_OPTIMIZATION_LEVEL = 0;
				ZERO_LINK = YES;
			};
			name = Development;
		};
		014CEA530018CE5811CA2923 /* Deployment */ = {
			isa = PBXBuildStyle;
			buildSettings = {
				COPY_PHASE_STRIP = YES;
				GCC_ENABLE_FIX_AND_CONTINUE = NO;
				ZERO_LINK = NO;
			};
			name = Deployment;
		};
/* End PBXBuildStyle section */

/* Begin PBXCopyFilesBuildPhase section */
		8DD76FAF0486AB0100D96B5E /* CopyFiles */ = {
			isa = PBXCopyFilesBuildPhase;
			buildActionMask = 8;
			dstPath = /usr/share/man/man1/;
			dstSubfolderSpec = 0;
			files = (
				8DD76FB00486AB0100D96B5E /* hfsdata.1 in CopyFiles */,
			);
			runOnlyForDeploymentPostprocessing = 1;
		};
/* End PBXCopyFilesBuildPhase section */

/* Begin PBXFileReference section */
		08FB7796FE84155DC02AAC07 /* main.c */ = {isa = PBXFileReference; fileEncoding = 4; lastKnownFileType = sourcecode.c.c; path = main.c; sourceTree = "<group>"; };
		8DD76FB20486AB0100D96B5E /* hfsdata */ = {isa = PBXFileReference; explicitFileType = "compiled.mach-o.executable"; includeInIndex = 0; path = hfsdata; sourceTree = BUILT_PRODUCTS_DIR; };
		C6A0FF2C0290799A04C91782 /* hfsdata.1 */ = {isa = PBXFileReference; lastKnownFileType = text.man; path = hfsdata.1; sourceTree = "<group>"; };
		F412DC0007749FE20057E99C /* Carbon.framework */ = {isa = PBXFileReference; lastKnownFileType = wrapper.framework; name = Carbon.framework; path = /System/Library/Frameworks/Carbon.framework; sourceTree = "<absolute>"; };
		F412DC0107749FE20057E99C /* Cocoa.framework */ = {isa = PBXFileReference; lastKnownFileType = wrapper.framework; name = Cocoa.framework; path = /System/Library/Frameworks/Cocoa.framework; sourceTree = "<absolute>"; };
		F4D31FF207771ECF00DC3B7E /* Foundation.framework */ = {isa = PBXFileReference; lastKnownFileType = wrapper.framework; name = Foundation.framework; path = /System/Library/Frameworks/Foundation.framework; sourceTree = "<absolute>"; };
		F4D3208E0777220000DC3B7E /* AppKit.framework */ = {isa = PBXFileReference; lastKnownFileType = wrapper.framework; name = AppKit.framework; path = /System/Library/Frameworks/AppKit.framework; sourceTree = "<absolute>"; };
/* End PBXFileReference section */

/* Begin PBXFrameworksBuildPhase section */
		8DD76FAD0486AB0100D96B5E /* Frameworks */ = {
			isa = PBXFrameworksBuildPhase;
			buildActionMask = 2147483647;
			files = (
				F412DC0207749FE20057E99C /* Carbon.framework in Frameworks */,
				F412DC0307749FE20057E99C /* Cocoa.framework in Frameworks */,
				F4D31FF307771ECF00DC3B7E /* Foundation.framework in Frameworks */,
				F4D3208F0777220000DC3B7E /* AppKit.framework in Frameworks */,
			);
			runOnlyForDeploymentPostprocessing = 0;
		};
/* End PBXFrameworksBuildPhase section */

/* Begin PBXGroup section */
		08FB7794FE84155DC02AAC07 /* hfsdata */ = {
			isa = PBXGroup;
			children = (
				F412DBFD07749FCA0057E99C /* Frameworks */,
				08FB7795FE84155DC02AAC07 /* Source */,
				C6A0FF2B0290797F04C91782 /* Documentation */,
				1AB674ADFE9D54B511CA2CBB /* Products */,
			);
			name = hfsdata;
			sourceTree = "<group>";
		};
		08FB7795FE84155DC02AAC07 /* Source */ = {
			isa = PBXGroup;
			children = (
				08FB7796FE84155DC02AAC07 /* main.c */,
			);
			name = Source;
			sourceTree = "<group>";
		};
		1AB674ADFE9D54B511CA2CBB /* Products */ = {
			isa = PBXGroup;
			children = (
				8DD76FB20486AB0100D96B5E /* hfsdata */,
			);
			name = Products;
			sourceTree = "<group>";
		};
		C6A0FF2B0290797F04C91782 /* Documentation */ = {
			isa = PBXGroup;
			children = (
				C6A0FF2C0290799A04C91782 /* hfsdata.1 */,
			);
			name = Documentation;
			sourceTree = "<group>";
		};
		F412DBFD07749FCA0057E99C /* Frameworks */ = {
			isa = PBXGroup;
			children = (
				F412DC0007749FE20057E99C /* Carbon.framework */,
				F412DC0107749FE20057E99C /* Cocoa.framework */,
				F4D31FF207771ECF00DC3B7E /* Foundation.framework */,
				F4D3208E0777220000DC3B7E /* AppKit.framework */,
			);
			name = Frameworks;
			sourceTree = "<group>";
		};
/* End PBXGroup section */

/* Begin PBXNativeTarget section */
		8DD76FA90486AB0100D96B5E /* hfsdata */ = {
			isa = PBXNativeTarget;
			buildConfigurationList = F424F5E4093709DF00B21FC7 /* Build configuration list for PBXNativeTarget "hfsdata" */;
			buildPhases = (
				8DD76FAB0486AB0100D96B5E /* Sources */,
				8DD76FAD0486AB0100D96B5E /* Frameworks */,
				8DD76FAF0486AB0100D96B5E /* CopyFiles */,
			);
			buildRules = (
			);
			buildSettings = {
				GCC_GENERATE_DEBUGGING_SYMBOLS = NO;
				INSTALL_PATH = "$(HOME)/bin";
				PRODUCT_NAME = hfsdata;
			};
			dependencies = (
			);
			name = hfsdata;
			productInstallPath = "$(HOME)/bin";
			productName = hfsdata;
			productReference = 8DD76FB20486AB0100D96B5E /* hfsdata */;
			productType = "com.apple.product-type.tool";
		};
/* End PBXNativeTarget section */

/* Begin PBXProject section */
		08FB7793FE84155DC02AAC07 /* Project object */ = {
			isa = PBXProject;
			buildConfigurationList = F424F5E8093709DF00B21FC7 /* Build configuration list for PBXProject "hfsdata" */;
			buildSettings = {
			};
			buildStyles = (
				014CEA520018CE5811CA2923 /* Development */,
				014CEA530018CE5811CA2923 /* Deployment */,
			);
			hasScannedForEncodings = 1;
			mainGroup = 08FB7794FE84155DC02AAC07 /* hfsdata */;
			projectDirPath = "";
			targets = (
				8DD76FA90486AB0100D96B5E /* hfsdata */,
			);
		};
/* End PBXProject section */

/* Begin PBXSourcesBuildPhase section */
		8DD76FAB0486AB0100D96B5E /* Sources */ = {
			isa = PBXSourcesBuildPhase;
			buildActionMask = 2147483647;
			files = (
				8DD76FAC0486AB0100D96B5E /* main.c in Sources */,
			);
			runOnlyForDeploymentPostprocessing = 0;
		};
/* End PBXSourcesBuildPhase section */

/* Begin XCBuildConfiguration section */
		F424F5E5093709DF00B21FC7 /* Development */ = {
			isa = XCBuildConfiguration;
			buildSettings = {
				COPY_PHASE_STRIP = NO;
				GCC_DYNAMIC_NO_PIC = NO;
				GCC_ENABLE_FIX_AND_CONTINUE = YES;
				GCC_GENERATE_DEBUGGING_SYMBOLS = YES;
				GCC_OPTIMIZATION_LEVEL = 0;
				INSTALL_PATH = "$(HOME)/bin";
				PRODUCT_NAME = hfsdata;
				ZERO_LINK = YES;
			};
			name = Development;
		};
		F424F5E6093709DF00B21FC7 /* Deployment */ = {
			isa = XCBuildConfiguration;
			buildSettings = {
				COPY_PHASE_STRIP = YES;
				GCC_ENABLE_FIX_AND_CONTINUE = NO;
				GCC_GENERATE_DEBUGGING_SYMBOLS = NO;
				INSTALL_PATH = "$(HOME)/bin";
				PRODUCT_NAME = hfsdata;
				ZERO_LINK = NO;
			};
			name = Deployment;
		};
		F424F5E7093709DF00B21FC7 /* Default */ = {
			isa = XCBuildConfiguration;
			buildSettings = {
				GCC_GENERATE_DEBUGGING_SYMBOLS = NO;
				INSTALL_PATH = "$(HOME)/bin";
				PRODUCT_NAME = hfsdata;
			};
			name = Default;
		};
		F424F5E9093709DF00B21FC7 /* Development */ = {
			isa = XCBuildConfiguration;
			buildSettings = {
			};
			name = Development;
		};
		F424F5EA093709DF00B21FC7 /* Deployment */ = {
			isa = XCBuildConfiguration;
			buildSettings = {
			};
			name = Deployment;
		};
		F424F5EB093709DF00B21FC7 /* Default */ = {
			isa = XCBuildConfiguration;
			buildSettings = {
			};
			name = Default;
		};
/* End XCBuildConfiguration section */

/* Begin XCConfigurationList section */
		F424F5E4093709DF00B21FC7 /* Build configuration list for PBXNativeTarget "hfsdata" */ = {
			isa = XCConfigurationList;
			buildConfigurations = (
				F424F5E5093709DF00B21FC7 /* Development */,
				F424F5E6093709DF00B21FC7 /* Deployment */,
				F424F5E7093709DF00B21FC7 /* Default */,
			);
			defaultConfigurationIsVisible = 0;
			defaultConfigurationName = Default;
		};
		F424F5E8093709DF00B21FC7 /* Build configuration list for PBXProject "hfsdata" */ = {
			isa = XCConfigurationList;
			buildConfigurations = (
				F424F5E9093709DF00B21FC7 /* Development */,
				F424F5EA093709DF00B21FC7 /* Deployment */,
				F424F5EB093709DF00B21FC7 /* Default */,
			);
			defaultConfigurationIsVisible = 0;
			defaultConfigurationName = Default;
		};
/* End XCConfigurationList section */
	};
	rootObject = 08FB7793FE84155DC02AAC07 /* Project object */;
}
